
Microsoft Visual Studio Solution File, Format Version 12.00
# Visual Studio Version 17
VisualStudioVersion = 17.1.32328.378
MinimumVisualStudioVersion = 10.0.40219.1
Project("{9A19103F-16F7-4668-BE54-9A1E7A4F7556}") = "lab2_Csharp_Ivana_Čavka", "lab2_Csharp_Ivana_Čavka.csproj", "{F76B677E-928D-44BF-92A6-41239FFE2017}"
EndProject
Global
	GlobalSection(SolutionConfigurationPlatforms) = preSolution
		Debug|Any CPU = Debug|Any CPU
		Release|Any CPU = Release|Any CPU
	EndGlobalSection
	GlobalSection(ProjectConfigurationPlatforms) = postSolution
		{F76B677E-928D-44BF-92A6-41239FFE2017}.Debug|Any CPU.ActiveCfg = Debug|Any CPU
		{F76B677E-928D-44BF-92A6-41239FFE2017}.Debug|Any CPU.Build.0 = Debug|Any CPU
		{F76B677E-928D-44BF-92A6-41239FFE2017}.Release|Any CPU.ActiveCfg = Release|Any CPU
		{F76B677E-928D-44BF-92A6-41239FFE2017}.Release|Any CPU.Build.0 = Release|Any CPU
	EndGlobalSection
	GlobalSection(SolutionProperties) = preSolution
		HideSolutionNode = FALSE
	EndGlobalSection
	GlobalSection(ExtensibilityGlobals) = postSolution
		SolutionGuid = {A35A164F-C4EA-4B9E-ACAD-D08D74335F19}
	EndGlobalSection
EndGlobal
